// !$*UTF8*$!
{
	archiveVersion = 1;
	classes = {
	};
	objectVersion = 50;
	objects = {

/* Begin PBXBuildFile section */
		2F6E25E4250A805500B7A2DD /* AppDelegate.swift in Sources */ = {isa = PBXBuildFile; fileRef = 2F6E25E3250A805500B7A2DD /* AppDelegate.swift */; };
		2F6E25E6250A805500B7A2DD /* SceneDelegate.swift in Sources */ = {isa = PBXBuildFile; fileRef = 2F6E25E5250A805500B7A2DD /* SceneDelegate.swift */; };
		2F6E25E8250A805500B7A2DD /* ViewController.swift in Sources */ = {isa = PBXBuildFile; fileRef = 2F6E25E7250A805500B7A2DD /* ViewController.swift */; };
		2F6E25EB250A805500B7A2DD /* Main.storyboard in Resources */ = {isa = PBXBuildFile; fileRef = 2F6E25E9250A805500B7A2DD /* Main.storyboard */; };
		2F6E25ED250A805700B7A2DD /* Assets.xcassets in Resources */ = {isa = PBXBuildFile; fileRef = 2F6E25EC250A805700B7A2DD /* Assets.xcassets */; };
		2F6E25F0250A805700B7A2DD /* LaunchScreen.storyboard in Resources */ = {isa = PBXBuildFile; fileRef = 2F6E25EE250A805700B7A2DD /* LaunchScreen.storyboard */; };
/* End PBXBuildFile section */

/* Begin PBXFileReference section */
		2F6E25E0250A805500B7A2DD /* UIKit Playground.app */ = {isa = PBXFileReference; explicitFileType = wrapper.application; includeInIndex = 0; path = "UIKit Playground.app"; sourceTree = BUILT_PRODUCTS_DIR; };
		2F6E25E3250A805500B7A2DD /* AppDelegate.swift */ = {isa = PBXFileReference; lastKnownFileType = sourcecode.swift; path = AppDelegate.swift; sourceTree = "<group>"; };
		2F6E25E5250A805500B7A2DD /* SceneDelegate.swift */ = {isa = PBXFileReference; lastKnownFileType = sourcecode.swift; path = SceneDelegate.swift; sourceTree = "<group>"; };
		2F6E25E7250A805500B7A2DD /* ViewController.swift */ = {isa = PBXFileReference; lastKnownFileType = sourcecode.swift; path = ViewController.swift; sourceTree = "<group>"; };
		2F6E25EA250A805500B7A2DD /* Base */ = {isa = PBXFileReference; lastKnownFileType = file.storyboard; name = Base; path = Base.lproj/Main.storyboard; sourceTree = "<group>"; };
		2F6E25EC250A805700B7A2DD /* Assets.xcassets */ = {isa = PBXFileReference; lastKnownFileType = folder.assetcatalog; path = Assets.xcassets; sourceTree = "<group>"; };
		2F6E25EF250A805700B7A2DD /* Base */ = {isa = PBXFileReference; lastKnownFileType = file.storyboard; name = Base; path = Base.lproj/LaunchScreen.storyboard; sourceTree = "<group>"; };
		2F6E25F1250A805700B7A2DD /* Info.plist */ = {isa = PBXFileReference; lastKnownFileType = text.plist.xml; path = Info.plist; sourceTree = "<group>"; };
/* End PBXFileReference section */

/* Begin PBXFrameworksBuildPhase section */
		2F6E25DD250A805500B7A2DD /* Frameworks */ = {
			isa = PBXFrameworksBuildPhase;
			buildActionMask = 2147483647;
			files = (
			);
			runOnlyForDeploymentPostprocessing = 0;
		};
/* End PBXFrameworksBuildPhase section */

/* Begin PBXGroup section */
		2F6E25D7250A805500B7A2DD = {
			isa = PBXGroup;
			children = (
				2F6E25E2250A805500B7A2DD /* UIKit Playground */,
				2F6E25E1250A805500B7A2DD /* Products */,
			);
			sourceTree = "<group>";
		};
		2F6E25E1250A805500B7A2DD /* Products */ = {
			isa = PBXGroup;
			children = (
				2F6E25E0250A805500B7A2DD /* UIKit Playground.app */,
			);
			name = Products;
			sourceTree = "<group>";
		};
		2F6E25E2250A805500B7A2DD /* UIKit Playground */ = {
			isa = PBXGroup;
			children = (
				2F6E25E3250A805500B7A2DD /* AppDelegate.swift */,
				2F6E25E5250A805500B7A2DD /* SceneDelegate.swift */,
				2F6E25E7250A805500B7A2DD /* ViewController.swift */,
				2F6E25E9250A805500B7A2DD /* Main.storyboard */,
				2F6E25EC250A805700B7A2DD /* Assets.xcassets */,
				2F6E25EE250A805700B7A2DD /* LaunchScreen.storyboard */,
				2F6E25F1250A805700B7A2DD /* Info.plist */,
			);
			path = "UIKit Playground";
			sourceTree = "<group>";
		};
/* End PBXGroup section */

/* Begin PBXNativeTarget section */
		2F6E25DF250A805500B7A2DD /* UIKit Playground */ = {
			isa = PBXNativeTarget;
			buildConfigurationList = 2F6E25F4250A805700B7A2DD /* Build configuration list for PBXNativeTarget "UIKit Playground" */;
			buildPhases = (
				2F6E25DC250A805500B7A2DD /* Sources */,
				2F6E25DD250A805500B7A2DD /* Frameworks */,
				2F6E25DE250A805500B7A2DD /* Resources */,
			);
			buildRules = (
			);
			dependencies = (
			);
			name = "UIKit Playground";
			productName = "UIKit Playground";
			productReference = 2F6E25E0250A805500B7A2DD /* UIKit Playground.app */;
			productType = "com.apple.product-type.application";
		};
/* End PBXNativeTarget section */

/* Begin PBXProject section */
		2F6E25D8250A805500B7A2DD /* Project object */ = {
			isa = PBXProject;
			attributes = {
				LastSwiftUpdateCheck = 1170;
				LastUpgradeCheck = 1170;
				ORGANIZATIONNAME = 0xFillmore;
				TargetAttributes = {
					2F6E25DF250A805500B7A2DD = {
						CreatedOnToolsVersion = 11.7;
					};
				};
			};
			buildConfigurationList = 2F6E25DB250A805500B7A2DD /* Build configuration list for PBXProject "UIKit Playground" */;
			compatibilityVersion = "Xcode 9.3";
			developmentRegion = en;
			hasScannedForEncodings = 0;
			knownRegions = (
				en,
				Base,
			);
			mainGroup = 2F6E25D7250A805500B7A2DD;
			productRefGroup = 2F6E25E1250A805500B7A2DD /* Products */;
			projectDirPath = "";
			projectRoot = "";
			targets = (
				2F6E25DF250A805500B7A2DD /* UIKit Playground */,
			);
		};
/* End PBXProject section */

/* Begin PBXResourcesBuildPhase section */
		2F6E25DE250A805500B7A2DD /* Resources */ = {
			isa = PBXResourcesBuildPhase;
			buildActionMask = 2147483647;
			files = (
				2F6E25F0250A805700B7A2DD /* LaunchScreen.storyboard in Resources */,
				2F6E25ED250A805700B7A2DD /* Assets.xcassets in Resources */,
				2F6E25EB250A805500B7A2DD /* Main.storyboard in Resources */,
			);
			runOnlyForDeploymentPostprocessing = 0;
		};
/* End PBXResourcesBuildPhase section */

/* Begin PBXSourcesBuildPhase section */
		2F6E25DC250A805500B7A2DD /* Sources */ = {
			isa = PBXSourcesBuildPhase;
			buildActionMask = 2147483647;
			files = (
				2F6E25E8250A805500B7A2DD /* ViewController.swift in Sources */,
				2F6E25E4250A805500B7A2DD /* AppDelegate.swift in Sources */,
				2F6E25E6250A805500B7A2DD /* SceneDelegate.swift in Sources */,
			);
			runOnlyForDeploymentPostprocessing = 0;
		};
/* End PBXSourcesBuildPhase section */

/* Begin PBXVariantGroup section */
		2F6E25E9250A805500B7A2DD /* Main.storyboard */ = {
			isa = PBXVariantGroup;
			children = (
				2F6E25EA250A805500B7A2DD /* Base */,
			);
			name = Main.storyboard;
			sourceTree = "<group>";
		};
		2F6E25EE250A805700B7A2DD /* LaunchScreen.storyboard */ = {
			isa = PBXVariantGroup;
			children = (
				2F6E25EF250A805700B7A2DD /* Base */,
			);
			name = LaunchScreen.storyboard;
			sourceTree = "<group>";
		};
/* End PBXVariantGroup section */

/* Begin XCBuildConfiguration section */
		2F6E25F2250A805700B7A2DD /* Debug */ = {
			isa = XCBuildConfiguration;
			buildSettings = {
				ALWAYS_SEARCH_USER_PATHS = NO;
				CLANG_ANALYZER_NONNULL = YES;
				CLANG_ANALYZER_NUMBER_OBJECT_CONVERSION = YES_AGGRESSIVE;
				CLANG_CXX_LANGUAGE_STANDARD = "gnu++14";
				CLANG_CXX_LIBRARY = "libc++";
				CLANG_ENABLE_MODULES = YES;
				CLANG_ENABLE_OBJC_ARC = YES;
				CLANG_ENABLE_OBJC_WEAK = YES;
				CLANG_WARN_BLOCK_CAPTURE_AUTORELEASING = YES;
				CLANG_WARN_BOOL_CONVERSION = YES;
				CLANG_WARN_COMMA = YES;
				CLANG_WARN_CONSTANT_CONVERSION = YES;
				CLANG_WARN_DEPRECATED_OBJC_IMPLEMENTATIONS = YES;
				CLANG_WARN_DIRECT_OBJC_ISA_USAGE = YES_ERROR;
				CLANG_WARN_DOCUMENTATION_COMMENTS = YES;
				CLANG_WARN_EMPTY_BODY = YES;
				CLANG_WARN_ENUM_CONVERSION = YES;
				CLANG_WARN_INFINITE_RECURSION = YES;
				CLANG_WARN_INT_CONVERSION = YES;
				CLANG_WARN_NON_LITERAL_NULL_CONVERSION = YES;
				CLANG_WARN_OBJC_IMPLICIT_RETAIN_SELF = YES;
				CLANG_WARN_OBJC_LITERAL_CONVERSION = YES;
				CLANG_WARN_OBJC_ROOT_CLASS = YES_ERROR;
				CLANG_WARN_RANGE_LOOP_ANALYSIS = YES;
				CLANG_WARN_STRICT_PROTOTYPES = YES;
				CLANG_WARN_SUSPICIOUS_MOVE = YES;
				CLANG_WARN_UNGUARDED_AVAILABILITY = YES_AGGRESSIVE;
				CLANG_WARN_UNREACHABLE_CODE = YES;
				CLANG_WARN__DUPLICATE_METHOD_MATCH = YES;
				COPY_PHASE_STRIP = NO;
				DEBUG_INFORMATION_FORMAT = dwarf;
				ENABLE_STRICT_OBJC_MSGSEND = YES;
				ENABLE_TESTABILITY = YES;
				GCC_C_LANGUAGE_STANDARD = gnu11;
				GCC_DYNAMIC_NO_PIC = NO;
				GCC_NO_COMMON_BLOCKS = YES;
				GCC_OPTIMIZATION_LEVEL = 0;
				GCC_PREPROCESSOR_DEFINITIONS = (
					"DEBUG=1",
					"$(inherited)",
				);
				GCC_WARN_64_TO_32_BIT_CONVERSION = YES;
				GCC_WARN_ABOUT_RETURN_TYPE = YES_ERROR;
				GCC_WARN_UNDECLARED_SELECTOR = YES;
				GCC_WARN_UNINITIALIZED_AUTOS = YES_AGGRESSIVE;
				GCC_WARN_UNUSED_FUNCTION = YES;
				GCC_WARN_UNUSED_VARIABLE = YES;
				IPHONEOS_DEPLOYMENT_TARGET = 13.7;
				MTL_ENABLE_DEBUG_INFO = INCLUDE_SOURCE;
				MTL_FAST_MATH = YES;
				ONLY_ACTIVE_ARCH = YES;
				SDKROOT = iphoneos;
				SWIFT_ACTIVE_COMPILATION_CONDITIONS = DEBUG;
				SWIFT_OPTIMIZATION_LEVEL = "-Onone";
			};
			name = Debug;
		};
		2F6E25F3250A805700B7A2DD /* Release */ = {
			isa = XCBuildConfiguration;
			buildSettings = {
				ALWAYS_SEARCH_USER_PATHS = NO;
				CLANG_ANALYZER_NONNULL = YES;
				CLANG_ANALYZER_NUMBER_OBJECT_CONVERSION = YES_AGGRESSIVE;
				CLANG_CXX_LANGUAGE_STANDARD = "gnu++14";
				CLANG_CXX_LIBRARY = "libc++";
				CLANG_ENABLE_MODULES = YES;
				CLANG_ENABLE_OBJC_ARC = YES;
				CLANG_ENABLE_OBJC_WEAK = YES;
				CLANG_WARN_BLOCK_CAPTURE_AUTORELEASING = YES;
				CLANG_WARN_BOOL_CONVERSION = YES;
				CLANG_WARN_COMMA = YES;
				CLANG_WARN_CONSTANT_CONVERSION = YES;
				CLANG_WARN_DEPRECATED_OBJC_IMPLEMENTATIONS = YES;
				CLANG_WARN_DIRECT_OBJC_ISA_USAGE = YES_ERROR;
				CLANG_WARN_DOCUMENTATION_COMMENTS = YES;
				CLANG_WARN_EMPTY_BODY = YES;
				CLANG_WARN_ENUM_CONVERSION = YES;
				CLANG_WARN_INFINITE_RECURSION = YES;
				CLANG_WARN_INT_CONVERSION = YES;
				CLANG_WARN_NON_LITERAL_NULL_CONVERSION = YES;
				CLANG_WARN_OBJC_IMPLICIT_RETAIN_SELF = YES;
				CLANG_WARN_OBJC_LITERAL_CONVERSION = YES;
				CLANG_WARN_OBJC_ROOT_CLASS = YES_ERROR;
				CLANG_WARN_RANGE_LOOP_ANALYSIS = YES;
				CLANG_WARN_STRICT_PROTOTYPES = YES;
				CLANG_WARN_SUSPICIOUS_MOVE = YES;
				CLANG_WARN_UNGUARDED_AVAILABILITY = YES_AGGRESSIVE;
				CLANG_WARN_UNREACHABLE_CODE = YES;
				CLANG_WARN__DUPLICATE_METHOD_MATCH = YES;
				COPY_PHASE_STRIP = NO;
				DEBUG_INFORMATION_FORMAT = "dwarf-with-dsym";
				ENABLE_NS_ASSERTIONS = NO;
				ENABLE_STRICT_OBJC_MSGSEND = YES;
				GCC_C_LANGUAGE_STANDARD = gnu11;
				GCC_NO_COMMON_BLOCKS = YES;
				GCC_WARN_64_TO_32_BIT_CONVERSION = YES;
				GCC_WARN_ABOUT_RETURN_TYPE = YES_ERROR;
				GCC_WARN_UNDECLARED_SELECTOR = YES;
				GCC_WARN_UNINITIALIZED_AUTOS = YES_AGGRESSIVE;
				GCC_WARN_UNUSED_FUNCTION = YES;
				GCC_WARN_UNUSED_VARIABLE = YES;
				IPHONEOS_DEPLOYMENT_TARGET = 13.7;
				MTL_ENABLE_DEBUG_INFO = NO;
				MTL_FAST_MATH = YES;
				SDKROOT = iphoneos;
				SWIFT_COMPILATION_MODE = wholemodule;
				SWIFT_OPTIMIZATION_LEVEL = "-O";
				VALIDATE_PRODUCT = YES;
			};
			name = Release;
		};
		2F6E25F5250A805700B7A2DD /* Debug */ = {
			isa = XCBuildConfiguration;
			buildSettings = {
				ASSETCATALOG_COMPILER_APPICON_NAME = AppIcon;
				CODE_SIGN_STYLE = Automatic;
				INFOPLIST_FILE = "UIKit Playground/Info.plist";
				LD_RUNPATH_SEARCH_PATHS = (
					"$(inherited)",
					"@executable_path/Frameworks",
				);
				PRODUCT_BUNDLE_IDENTIFIER = "IzarahWolf.UIKit-Playground";
				PRODUCT_NAME = "$(TARGET_NAME)";
				SWIFT_VERSION = 5.0;
				TARGETED_DEVICE_FAMILY = 1;
			};
			name = Debug;
		};
		2F6E25F6250A805700B7A2DD /* Release */ = {
			isa = XCBuildConfiguration;
			buildSettings = {
				ASSETCATALOG_COMPILER_APPICON_NAME = AppIcon;
				CODE_SIGN_STYLE = Automatic;
				INFOPLIST_FILE = "UIKit Playground/Info.plist";
				LD_RUNPATH_SEARCH_PATHS = (
					"$(inherited)",
					"@executable_path/Frameworks",
				);
				PRODUCT_BUNDLE_IDENTIFIER = "IzarahWolf.UIKit-Playground";
				PRODUCT_NAME = "$(TARGET_NAME)";
				SWIFT_VERSION = 5.0;
				TARGETED_DEVICE_FAMILY = 1;
			};
			name = Release;
		};
/* End XCBuildConfiguration section */

/* Begin XCConfigurationList section */
		2F6E25DB250A805500B7A2DD /* Build configuration list for PBXProject "UIKit Playground" */ = {
			isa = XCConfigurationList;
			buildConfigurations = (
				2F6E25F2250A805700B7A2DD /* Debug */,
				2F6E25F3250A805700B7A2DD /* Release */,
			);
			defaultConfigurationIsVisible = 0;
			defaultConfigurationName = Release;
		};
		2F6E25F4250A805700B7A2DD /* Build configuration list for PBXNativeTarget "UIKit Playground" */ = {
			isa = XCConfigurationList;
			buildConfigurations = (
				2F6E25F5250A805700B7A2DD /* Debug */,
				2F6E25F6250A805700B7A2DD /* Release */,
			);
			defaultConfigurationIsVisible = 0;
			defaultConfigurationName = Release;
		};
/* End XCConfigurationList section */
	};
	rootObject = 2F6E25D8250A805500B7A2DD /* Project object */;
}
